
Microsoft Visual Studio Solution File, Format Version 12.00
# Visual Studio Version 16
VisualStudioVersion = 16.0.31112.23
MinimumVisualStudioVersion = 10.0.40219.1
Project("{FAE04EC0-301F-11D3-BF4B-00C04F79EFBC}") = "DatabaseRestore", "DatabaseRestore\DatabaseRestore.csproj", "{335326E3-E3DC-40F5-8298-496BF6EEF210}"
EndProject
Global
	GlobalSection(SolutionConfigurationPlatforms) = preSolution
		Debug|Any CPU = Debug|Any CPU
		Release|Any CPU = Release|Any CPU
	EndGlobalSection
	GlobalSection(ProjectConfigurationPlatforms) = postSolution
		{335326E3-E3DC-40F5-8298-496BF6EEF210}.Debug|Any CPU.ActiveCfg = Debug|Any CPU
		{335326E3-E3DC-40F5-8298-496BF6EEF210}.Debug|Any CPU.Build.0 = Debug|Any CPU
		{335326E3-E3DC-40F5-8298-496BF6EEF210}.Release|Any CPU.ActiveCfg = Release|Any CPU
		{335326E3-E3DC-40F5-8298-496BF6EEF210}.Release|Any CPU.Build.0 = Release|Any CPU
	EndGlobalSection
	GlobalSection(SolutionProperties) = preSolution
		HideSolutionNode = FALSE
	EndGlobalSection
	GlobalSection(ExtensibilityGlobals) = postSolution
		SolutionGuid = {BFCC2EB2-82C3-4574-A1C9-0502A5667379}
	EndGlobalSection
EndGlobal
